# THIS IS AN AUTOGENERATED FILE. DO NOT EDIT THIS FILE DIRECTLY.
# yarn lockfile v1


"@angular/common@^4.0.0", "@angular/common@~4.0.0":
  version "4.0.2"
  resolved "https://registry.yarnpkg.com/@angular/common/-/common-4.0.2.tgz#092b272f193d3ac9549b53792657e48e96f39f5d"

"@angular/compiler@^4.0.0", "@angular/compiler@~4.0.0":
  version "4.0.2"
  resolved "https://registry.yarnpkg.com/@angular/compiler/-/compiler-4.0.2.tgz#729e0ead261232698678bbdd09d3d360dcd6f889"

"@angular/core@^4.0.0", "@angular/core@~4.0.0":
  version "4.0.2"
  resolved "https://registry.yarnpkg.com/@angular/core/-/core-4.0.2.tgz#195153f8623b59f07c30b3b8954e14842c3959c3"

"@angular/forms@^4.0.0", "@angular/forms@~4.0.0":
  version "4.0.2"
  resolved "https://registry.yarnpkg.com/@angular/forms/-/forms-4.0.2.tgz#9094f46983298681bbaf0dcc17dcf8f7be6f35a3"

"@angular/http@^4.0.0", "@angular/http@~4.0.0":
  version "4.0.2"
  resolved "https://registry.yarnpkg.com/@angular/http/-/http-4.0.2.tgz#8c61b9ff52748c5dcb52b57046829d34d66662ec"

"@angular/platform-browser-dynamic@^4.0.0", "@angular/platform-browser-dynamic@~4.0.0":
  version "4.0.2"
  resolved "https://registry.yarnpkg.com/@angular/platform-browser-dynamic/-/platform-browser-dynamic-4.0.2.tgz#5a26f9a3e9f7eaf3cc7c02836cfae2e88cf1862f"

"@angular/platform-browser@^4.0.0", "@angular/platform-browser@~4.0.0":
  version "4.0.2"
  resolved "https://registry.yarnpkg.com/@angular/platform-browser/-/platform-browser-4.0.2.tgz#bce01526917a5b49606fc7e81600af85b15846ea"

"@angular/router@^4.0.0", "@angular/router@~4.0.0":
  version "4.0.2"
  resolved "https://registry.yarnpkg.com/@angular/router/-/router-4.0.2.tgz#e574ee2ce31035c6e574acf28ed9a28bfe1179ef"

adm-zip@^0.4.7:
  version "0.4.7"
  resolved "https://registry.yarnpkg.com/adm-zip/-/adm-zip-0.4.7.tgz#8606c2cbf1c426ce8c8ec00174447fd49b6eafc1"

ansi-regex@^2.0.0:
  version "2.1.1"
  resolved "https://registry.yarnpkg.com/ansi-regex/-/ansi-regex-2.1.1.tgz#c3b33ab5ee360d86e0e628f0468ae7ef27d654df"

ansi-styles@^2.2.1:
  version "2.2.1"
  resolved "https://registry.yarnpkg.com/ansi-styles/-/ansi-styles-2.2.1.tgz#b432dd3358b634cf75e1e4664368240533c1ddbe"

babel-code-frame@^6.22.0:
  version "6.22.0"
  resolved "https://registry.yarnpkg.com/babel-code-frame/-/babel-code-frame-6.22.0.tgz#027620bee567a88c32561574e7fd0801d33118e4"
  dependencies:
    chalk "^1.1.0"
    esutils "^2.0.2"
    js-tokens "^3.0.0"

babel-messages@^6.23.0:
  version "6.23.0"
  resolved "https://registry.yarnpkg.com/babel-messages/-/babel-messages-6.23.0.tgz#f3cdf4703858035b2a2951c6ec5edf6c62f2630e"
  dependencies:
    babel-runtime "^6.22.0"

babel-runtime@^6.22.0:
  version "6.23.0"
  resolved "https://registry.yarnpkg.com/babel-runtime/-/babel-runtime-6.23.0.tgz#0a9489f144de70efb3ce4300accdb329e2fc543b"
  dependencies:
    core-js "^2.4.0"
    regenerator-runtime "^0.10.0"

babel-traverse@^6.24.1:
  version "6.24.1"
  resolved "https://registry.yarnpkg.com/babel-traverse/-/babel-traverse-6.24.1.tgz#ab36673fd356f9a0948659e7b338d5feadb31695"
  dependencies:
    babel-code-frame "^6.22.0"
    babel-messages "^6.23.0"
    babel-runtime "^6.22.0"
    babel-types "^6.24.1"
    babylon "^6.15.0"
    debug "^2.2.0"
    globals "^9.0.0"
    invariant "^2.2.0"
    lodash "^4.2.0"

babel-types@^6.24.1:
  version "6.24.1"
  resolved "https://registry.yarnpkg.com/babel-types/-/babel-types-6.24.1.tgz#a136879dc15b3606bda0d90c1fc74304c2ff0975"
  dependencies:
    babel-runtime "^6.22.0"
    esutils "^2.0.2"
    lodash "^4.2.0"
    to-fast-properties "^1.0.1"

babylon@^6.15.0, babylon@^6.16.1:
  version "6.16.1"
  resolved "https://registry.yarnpkg.com/babylon/-/babylon-6.16.1.tgz#30c5a22f481978a9e7f8cdfdf496b11d94b404d3"

balanced-match@^0.4.1:
  version "0.4.2"
  resolved "https://registry.yarnpkg.com/balanced-match/-/balanced-match-0.4.2.tgz#cb3f3e3c732dc0f01ee70b403f302e61d7709838"

brace-expansion@^1.0.0:
  version "1.1.7"
  resolved "https://registry.yarnpkg.com/brace-expansion/-/brace-expansion-1.1.7.tgz#3effc3c50e000531fb720eaff80f0ae8ef23cf59"
  dependencies:
    balanced-match "^0.4.1"
    concat-map "0.0.1"

chalk@^1.1.0:
  version "1.1.3"
  resolved "https://registry.yarnpkg.com/chalk/-/chalk-1.1.3.tgz#a8115c55e4a702fe4d150abd3872822a7e09fc98"
  dependencies:
    ansi-styles "^2.2.1"
    escape-string-regexp "^1.0.2"
    has-ansi "^2.0.0"
    strip-ansi "^3.0.0"
    supports-color "^2.0.0"

concat-map@0.0.1:
  version "0.0.1"
  resolved "https://registry.yarnpkg.com/concat-map/-/concat-map-0.0.1.tgz#d8a96bd77fd68df7793a73036a3ba0d5405d477b"

core-js@^2.4.0:
  version "2.4.1"
  resolved "https://registry.yarnpkg.com/core-js/-/core-js-2.4.1.tgz#4de911e667b0eae9124e34254b53aea6fc618d3e"

debug@^2.2.0:
  version "2.6.3"
  resolved "https://registry.yarnpkg.com/debug/-/debug-2.6.3.tgz#0f7eb8c30965ec08c72accfa0130c8b79984141d"
  dependencies:
    ms "0.7.2"

escape-string-regexp@^1.0.2:
  version "1.0.5"
  resolved "https://registry.yarnpkg.com/escape-string-regexp/-/escape-string-regexp-1.0.5.tgz#1b61c0562190a8dff6ae3bb2cf0200ca130b86d4"

esutils@^2.0.2:
  version "2.0.2"
  resolved "https://registry.yarnpkg.com/esutils/-/esutils-2.0.2.tgz#0abf4f1caa5bcb1f7a9d8acc6dea4faaa04bac9b"

filewalker@^0.1.3:
  version "0.1.3"
  resolved "https://registry.yarnpkg.com/filewalker/-/filewalker-0.1.3.tgz#d63bf9d813ba35344b8182747824f6ff754bf4c5"
  dependencies:
    fqueue "0.0.x"

fqueue@0.0.x:
  version "0.0.0"
  resolved "https://registry.yarnpkg.com/fqueue/-/fqueue-0.0.0.tgz#533205a4f9ad21bbaa38fc61cef3a930c2f54836"

glob@^6.0.1:
  version "6.0.4"
  resolved "https://registry.yarnpkg.com/glob/-/glob-6.0.4.tgz#0f08860f6a155127b2fadd4f9ce24b1aab6e4d22"
  dependencies:
    inflight "^1.0.4"
    inherits "2"
    minimatch "2 || 3"
    once "^1.3.0"
    path-is-absolute "^1.0.0"

globals@^9.0.0:
  version "9.17.0"
  resolved "https://registry.yarnpkg.com/globals/-/globals-9.17.0.tgz#0c0ca696d9b9bb694d2e5470bd37777caad50286"

has-ansi@^2.0.0:
  version "2.0.0"
  resolved "https://registry.yarnpkg.com/has-ansi/-/has-ansi-2.0.0.tgz#34f5049ce1ecdf2b0649af3ef24e45ed35416d91"
  dependencies:
    ansi-regex "^2.0.0"

inflight@^1.0.4:
  version "1.0.6"
  resolved "https://registry.yarnpkg.com/inflight/-/inflight-1.0.6.tgz#49bd6331d7d02d0c09bc910a1075ba8165b56df9"
  dependencies:
    once "^1.3.0"
    wrappy "1"

inherits@2:
  version "2.0.3"
  resolved "https://registry.yarnpkg.com/inherits/-/inherits-2.0.3.tgz#633c2c83e3da42a502f52466022480f4208261de"

invariant@^2.2.0:
  version "2.2.2"
  resolved "https://registry.yarnpkg.com/invariant/-/invariant-2.2.2.tgz#9e1f56ac0acdb6bf303306f338be3b204ae60360"
  dependencies:
    loose-envify "^1.0.0"

js-tokens@^3.0.0:
  version "3.0.1"
  resolved "https://registry.yarnpkg.com/js-tokens/-/js-tokens-3.0.1.tgz#08e9f132484a2c45a30907e9dc4d5567b7f114d7"

lazy@1.0.11:
  version "1.0.11"
  resolved "https://registry.yarnpkg.com/lazy/-/lazy-1.0.11.tgz#daa068206282542c088288e975c297c1ae77b690"

lodash@^4.2.0:
  version "4.17.4"
  resolved "https://registry.yarnpkg.com/lodash/-/lodash-4.17.4.tgz#78203a4d1c328ae1d86dca6460e369b57f4055ae"

loose-envify@^1.0.0:
  version "1.3.1"
  resolved "https://registry.yarnpkg.com/loose-envify/-/loose-envify-1.3.1.tgz#d1a8ad33fa9ce0e713d65fdd0ac8b748d478c848"
  dependencies:
    js-tokens "^3.0.0"

"minimatch@2 || 3":
  version "3.0.3"
  resolved "https://registry.yarnpkg.com/minimatch/-/minimatch-3.0.3.tgz#2a4e4090b96b2db06a9d7df01055a62a77c9b774"
  dependencies:
    brace-expansion "^1.0.0"

minimist@0.0.8:
  version "0.0.8"
  resolved "https://registry.yarnpkg.com/minimist/-/minimist-0.0.8.tgz#857fcabfc3397d2625b8228262e86aa7a011b05d"

mkdirp@^0.5.1:
  version "0.5.1"
  resolved "https://registry.yarnpkg.com/mkdirp/-/mkdirp-0.5.1.tgz#30057438eac6cf7f8c4767f38648d6697d75c903"
  dependencies:
    minimist "0.0.8"

ms@0.7.2:
  version "0.7.2"
  resolved "https://registry.yarnpkg.com/ms/-/ms-0.7.2.tgz#ae25cf2512b3885a1d95d7f037868d8431124765"

nativescript-angular@internal-preview:
  version "2.0.0-2017-04-12-1445"
  resolved "https://registry.yarnpkg.com/nativescript-angular/-/nativescript-angular-2.0.0-2017-04-12-1445.tgz#0737c57777aff6ecda512540c827a98cb49621b4"
  dependencies:
    "@angular/common" "~4.0.0"
    "@angular/compiler" "~4.0.0"
    "@angular/core" "~4.0.0"
    "@angular/forms" "~4.0.0"
    "@angular/http" "~4.0.0"
    "@angular/platform-browser" "~4.0.0"
    "@angular/platform-browser-dynamic" "~4.0.0"
    "@angular/router" "~4.0.0"
    nativescript-intl "~0.0.8"
    punycode "1.3.2"
    querystring "0.2.0"
    reflect-metadata "~0.1.8"
    rxjs "^5.0.1"
    url "0.10.3"

nativescript-dev-android-snapshot@~0.0.6:
  version "0.0.8"
  resolved "https://registry.yarnpkg.com/nativescript-dev-android-snapshot/-/nativescript-dev-android-snapshot-0.0.8.tgz#0a4265d35fd22fe542130afd7e95dfb4ef4f7648"
  dependencies:
    adm-zip "^0.4.7"
    nativescript-hook "^0.2.1"
    semver "^5.1.0"
    shelljs "^0.6.0"

nativescript-dev-typescript@^0.4.2:
  version "0.4.2"
  resolved "https://registry.yarnpkg.com/nativescript-dev-typescript/-/nativescript-dev-typescript-0.4.2.tgz#8fde255e12537a8b9f5f6bd1687cccd5ca6feb9b"
  dependencies:
    nativescript-hook "^0.2.0"

nativescript-hook@^0.2.0, nativescript-hook@^0.2.1:
  version "0.2.1"
  resolved "https://registry.yarnpkg.com/nativescript-hook/-/nativescript-hook-0.2.1.tgz#786225056db20fa49e786451dccd64b52e3864d9"
  dependencies:
    glob "^6.0.1"
    mkdirp "^0.5.1"

nativescript-intl@~0.0.10, nativescript-intl@~0.0.8:
  version "0.0.10"
  resolved "https://registry.yarnpkg.com/nativescript-intl/-/nativescript-intl-0.0.10.tgz#2a310f07f627344f75db547177db18298d430b0e"

once@^1.3.0:
  version "1.4.0"
  resolved "https://registry.yarnpkg.com/once/-/once-1.4.0.tgz#583b1aa775961d4b113ac17d9c50baef9dd76bd1"
  dependencies:
    wrappy "1"

path-is-absolute@^1.0.0:
  version "1.0.1"
  resolved "https://registry.yarnpkg.com/path-is-absolute/-/path-is-absolute-1.0.1.tgz#174b9268735534ffbc7ace6bf53a5a9e1b5c5f5f"

punycode@1.3.2:
  version "1.3.2"
  resolved "https://registry.yarnpkg.com/punycode/-/punycode-1.3.2.tgz#9653a036fb7c1ee42342f2325cceefea3926c48d"

querystring@0.2.0:
  version "0.2.0"
  resolved "https://registry.yarnpkg.com/querystring/-/querystring-0.2.0.tgz#b209849203bb25df820da756e747005878521620"

reflect-metadata@~0.1.8:
  version "0.1.10"
  resolved "https://registry.yarnpkg.com/reflect-metadata/-/reflect-metadata-0.1.10.tgz#b4f83704416acad89988c9b15635d47e03b9344a"

regenerator-runtime@^0.10.0:
  version "0.10.3"
  resolved "https://registry.yarnpkg.com/regenerator-runtime/-/regenerator-runtime-0.10.3.tgz#8c4367a904b51ea62a908ac310bf99ff90a82a3e"

rxjs@^5.0.1, rxjs@^5.2.0:
  version "5.3.0"
  resolved "https://registry.yarnpkg.com/rxjs/-/rxjs-5.3.0.tgz#d88ccbdd46af290cbdb97d5d8055e52453fabe2d"
  dependencies:
    symbol-observable "^1.0.1"

semver@^5.1.0:
  version "5.3.0"
  resolved "https://registry.yarnpkg.com/semver/-/semver-5.3.0.tgz#9b2ce5d3de02d17c6012ad326aa6b4d0cf54f94f"

shelljs@^0.6.0:
  version "0.6.1"
  resolved "https://registry.yarnpkg.com/shelljs/-/shelljs-0.6.1.tgz#ec6211bed1920442088fe0f70b2837232ed2c8a8"

strip-ansi@^3.0.0:
  version "3.0.1"
  resolved "https://registry.yarnpkg.com/strip-ansi/-/strip-ansi-3.0.1.tgz#6a385fb8853d952d5ff05d0e8aaf94278dc63dcf"
  dependencies:
    ansi-regex "^2.0.0"

supports-color@^2.0.0:
  version "2.0.0"
  resolved "https://registry.yarnpkg.com/supports-color/-/supports-color-2.0.0.tgz#535d045ce6b6363fa40117084629995e9df324c7"

symbol-observable@^1.0.1:
  version "1.0.4"
  resolved "https://registry.yarnpkg.com/symbol-observable/-/symbol-observable-1.0.4.tgz#29bf615d4aa7121bdd898b22d4b3f9bc4e2aa03d"

tns-core-modules-widgets@rc:
  version "3.0.0-rc.1"
  resolved "https://registry.yarnpkg.com/tns-core-modules-widgets/-/tns-core-modules-widgets-3.0.0-rc.1.tgz#23453910e7248fd61f90f8bf8b2c6f68704d4c19"

"tns-core-modules@^3.0.0 || ^3.0.0-rc.1":
  version "3.0.0-rc.2"
  resolved "https://registry.yarnpkg.com/tns-core-modules/-/tns-core-modules-3.0.0-rc.2.tgz#ad079fcbf590b6139ca42fae66795847298f0795"
  dependencies:
    tns-core-modules-widgets rc

to-fast-properties@^1.0.1:
  version "1.0.2"
  resolved "https://registry.yarnpkg.com/to-fast-properties/-/to-fast-properties-1.0.2.tgz#f3f5c0c3ba7299a7ef99427e44633257ade43320"

typescript@~2.2.2:
  version "2.2.2"
  resolved "https://registry.yarnpkg.com/typescript/-/typescript-2.2.2.tgz#606022508479b55ffa368b58fee963a03dfd7b0c"

url@0.10.3:
  version "0.10.3"
  resolved "https://registry.yarnpkg.com/url/-/url-0.10.3.tgz#021e4d9c7705f21bbf37d03ceb58767402774c64"
  dependencies:
    punycode "1.3.2"
    querystring "0.2.0"

wrappy@1:
  version "1.0.2"
  resolved "https://registry.yarnpkg.com/wrappy/-/wrappy-1.0.2.tgz#b5243d8f3ec1aa35f1364605bc0d1036e30ab69f"

zone.js@^0.8.4:
  version "0.8.5"
  resolved "https://registry.yarnpkg.com/zone.js/-/zone.js-0.8.5.tgz#7906e017482cbff4c3f079c5c34305ce941f5ba2"
